// !$*UTF8*$!
{
	archiveVersion = 1;
	classes = {
	};
	objectVersion = 48;
	objects = {

/* Begin PBXBuildFile section */
		EAAFB8731F7AB7C200999C5C /* exerciceThree.c in Sources */ = {isa = PBXBuildFile; fileRef = EAAFB8711F7AB7C200999C5C /* exerciceThree.c */; };
		EAEDC9461F7AACF800C725A3 /* main.c in Sources */ = {isa = PBXBuildFile; fileRef = EAEDC9451F7AACF800C725A3 /* main.c */; };
/* End PBXBuildFile section */

/* Begin PBXCopyFilesBuildPhase section */
		EAEDC9401F7AACF800C725A3 /* CopyFiles */ = {
			isa = PBXCopyFilesBuildPhase;
			buildActionMask = 2147483647;
			dstPath = /usr/share/man/man1/;
			dstSubfolderSpec = 0;
			files = (
			);
			runOnlyForDeploymentPostprocessing = 1;
		};
/* End PBXCopyFilesBuildPhase section */

/* Begin PBXFileReference section */
		EAAFB8711F7AB7C200999C5C /* exerciceThree.c */ = {isa = PBXFileReference; lastKnownFileType = sourcecode.c.c; name = exerciceThree.c; path = ../exerciceThree.c; sourceTree = "<group>"; };
		EAAFB8721F7AB7C200999C5C /* exerciceThree.h */ = {isa = PBXFileReference; lastKnownFileType = sourcecode.c.h; name = exerciceThree.h; path = ../exerciceThree.h; sourceTree = "<group>"; };
		EAEDC9421F7AACF800C725A3 /* ExerciceTwo.c */ = {isa = PBXFileReference; explicitFileType = "compiled.mach-o.executable"; includeInIndex = 0; path = ExerciceTwo.c; sourceTree = BUILT_PRODUCTS_DIR; };
		EAEDC9451F7AACF800C725A3 /* main.c */ = {isa = PBXFileReference; lastKnownFileType = sourcecode.c.c; path = main.c; sourceTree = "<group>"; };
/* End PBXFileReference section */

/* Begin PBXFrameworksBuildPhase section */
		EAEDC93F1F7AACF800C725A3 /* Frameworks */ = {
			isa = PBXFrameworksBuildPhase;
			buildActionMask = 2147483647;
			files = (
			);
			runOnlyForDeploymentPostprocessing = 0;
		};
/* End PBXFrameworksBuildPhase section */

/* Begin PBXGroup section */
		EAEDC9391F7AACF700C725A3 = {
			isa = PBXGroup;
			children = (
				EAAFB8711F7AB7C200999C5C /* exerciceThree.c */,
				EAAFB8721F7AB7C200999C5C /* exerciceThree.h */,
				EAEDC9441F7AACF800C725A3 /* ExerciceTwo.c */,
				EAEDC9431F7AACF800C725A3 /* Products */,
			);
			sourceTree = "<group>";
		};
		EAEDC9431F7AACF800C725A3 /* Products */ = {
			isa = PBXGroup;
			children = (
				EAEDC9421F7AACF800C725A3 /* ExerciceTwo.c */,
			);
			name = Products;
			sourceTree = "<group>";
		};
		EAEDC9441F7AACF800C725A3 /* ExerciceTwo.c */ = {
			isa = PBXGroup;
			children = (
				EAEDC9451F7AACF800C725A3 /* main.c */,
			);
			path = ExerciceTwo.c;
			sourceTree = "<group>";
		};
/* End PBXGroup section */

/* Begin PBXNativeTarget section */
		EAEDC9411F7AACF800C725A3 /* ExerciceTwo.c */ = {
			isa = PBXNativeTarget;
			buildConfigurationList = EAEDC9491F7AACF800C725A3 /* Build configuration list for PBXNativeTarget "ExerciceTwo.c" */;
			buildPhases = (
				EAEDC93E1F7AACF800C725A3 /* Sources */,
				EAEDC93F1F7AACF800C725A3 /* Frameworks */,
				EAEDC9401F7AACF800C725A3 /* CopyFiles */,
			);
			buildRules = (
			);
			dependencies = (
			);
			name = ExerciceTwo.c;
			productName = ExerciceTwo.c;
			productReference = EAEDC9421F7AACF800C725A3 /* ExerciceTwo.c */;
			productType = "com.apple.product-type.tool";
		};
/* End PBXNativeTarget section */

/* Begin PBXProject section */
		EAEDC93A1F7AACF700C725A3 /* Project object */ = {
			isa = PBXProject;
			attributes = {
				LastUpgradeCheck = 0900;
				ORGANIZATIONNAME = "Anthony Capobianco";
				TargetAttributes = {
					EAEDC9411F7AACF800C725A3 = {
						CreatedOnToolsVersion = 9.0;
						ProvisioningStyle = Automatic;
					};
				};
			};
			buildConfigurationList = EAEDC93D1F7AACF700C725A3 /* Build configuration list for PBXProject "ExerciceTwo.c" */;
			compatibilityVersion = "Xcode 8.0";
			developmentRegion = en;
			hasScannedForEncodings = 0;
			knownRegions = (
				en,
			);
			mainGroup = EAEDC9391F7AACF700C725A3;
			productRefGroup = EAEDC9431F7AACF800C725A3 /* Products */;
			projectDirPath = "";
			projectRoot = "";
			targets = (
				EAEDC9411F7AACF800C725A3 /* ExerciceTwo.c */,
			);
		};
/* End PBXProject section */

/* Begin PBXSourcesBuildPhase section */
		EAEDC93E1F7AACF800C725A3 /* Sources */ = {
			isa = PBXSourcesBuildPhase;
			buildActionMask = 2147483647;
			files = (
				EAAFB8731F7AB7C200999C5C /* exerciceThree.c in Sources */,
				EAEDC9461F7AACF800C725A3 /* main.c in Sources */,
			);
			runOnlyForDeploymentPostprocessing = 0;
		};
/* End PBXSourcesBuildPhase section */

/* Begin XCBuildConfiguration section */
		EAEDC9471F7AACF800C725A3 /* Debug */ = {
			isa = XCBuildConfiguration;
			buildSettings = {
				ALWAYS_SEARCH_USER_PATHS = NO;
				CLANG_ANALYZER_NONNULL = YES;
				CLANG_ANALYZER_NUMBER_OBJECT_CONVERSION = YES_AGGRESSIVE;
				CLANG_CXX_LANGUAGE_STANDARD = "gnu++14";
				CLANG_CXX_LIBRARY = "libc++";
				CLANG_ENABLE_MODULES = YES;
				CLANG_ENABLE_OBJC_ARC = YES;
				CLANG_WARN_BLOCK_CAPTURE_AUTORELEASING = YES;
				CLANG_WARN_BOOL_CONVERSION = YES;
				CLANG_WARN_COMMA = YES;
				CLANG_WARN_CONSTANT_CONVERSION = YES;
				CLANG_WARN_DIRECT_OBJC_ISA_USAGE = YES_ERROR;
				CLANG_WARN_DOCUMENTATION_COMMENTS = YES;
				CLANG_WARN_EMPTY_BODY = YES;
				CLANG_WARN_ENUM_CONVERSION = YES;
				CLANG_WARN_INFINITE_RECURSION = YES;
				CLANG_WARN_INT_CONVERSION = YES;
				CLANG_WARN_NON_LITERAL_NULL_CONVERSION = YES;
				CLANG_WARN_OBJC_LITERAL_CONVERSION = YES;
				CLANG_WARN_OBJC_ROOT_CLASS = YES_ERROR;
				CLANG_WARN_RANGE_LOOP_ANALYSIS = YES;
				CLANG_WARN_STRICT_PROTOTYPES = YES;
				CLANG_WARN_SUSPICIOUS_MOVE = YES;
				CLANG_WARN_UNGUARDED_AVAILABILITY = YES_AGGRESSIVE;
				CLANG_WARN_UNREACHABLE_CODE = YES;
				CLANG_WARN__DUPLICATE_METHOD_MATCH = YES;
				CODE_SIGN_IDENTITY = "-";
				COPY_PHASE_STRIP = NO;
				DEBUG_INFORMATION_FORMAT = dwarf;
				ENABLE_STRICT_OBJC_MSGSEND = YES;
				ENABLE_TESTABILITY = YES;
				GCC_C_LANGUAGE_STANDARD = gnu11;
				GCC_DYNAMIC_NO_PIC = NO;
				GCC_NO_COMMON_BLOCKS = YES;
				GCC_OPTIMIZATION_LEVEL = 0;
				GCC_PREPROCESSOR_DEFINITIONS = (
					"DEBUG=1",
					"$(inherited)",
				);
				GCC_WARN_64_TO_32_BIT_CONVERSION = YES;
				GCC_WARN_ABOUT_RETURN_TYPE = YES_ERROR;
				GCC_WARN_UNDECLARED_SELECTOR = YES;
				GCC_WARN_UNINITIALIZED_AUTOS = YES_AGGRESSIVE;
				GCC_WARN_UNUSED_FUNCTION = YES;
				GCC_WARN_UNUSED_VARIABLE = YES;
				MACOSX_DEPLOYMENT_TARGET = 10.12;
				MTL_ENABLE_DEBUG_INFO = YES;
				ONLY_ACTIVE_ARCH = YES;
				SDKROOT = macosx;
			};
			name = Debug;
		};
		EAEDC9481F7AACF800C725A3 /* Release */ = {
			isa = XCBuildConfiguration;
			buildSettings = {
				ALWAYS_SEARCH_USER_PATHS = NO;
				CLANG_ANALYZER_NONNULL = YES;
				CLANG_ANALYZER_NUMBER_OBJECT_CONVERSION = YES_AGGRESSIVE;
				CLANG_CXX_LANGUAGE_STANDARD = "gnu++14";
				CLANG_CXX_LIBRARY = "libc++";
				CLANG_ENABLE_MODULES = YES;
				CLANG_ENABLE_OBJC_ARC = YES;
				CLANG_WARN_BLOCK_CAPTURE_AUTORELEASING = YES;
				CLANG_WARN_BOOL_CONVERSION = YES;
				CLANG_WARN_COMMA = YES;
				CLANG_WARN_CONSTANT_CONVERSION = YES;
				CLANG_WARN_DIRECT_OBJC_ISA_USAGE = YES_ERROR;
				CLANG_WARN_DOCUMENTATION_COMMENTS = YES;
				CLANG_WARN_EMPTY_BODY = YES;
				CLANG_WARN_ENUM_CONVERSION = YES;
				CLANG_WARN_INFINITE_RECURSION = YES;
				CLANG_WARN_INT_CONVERSION = YES;
				CLANG_WARN_NON_LITERAL_NULL_CONVERSION = YES;
				CLANG_WARN_OBJC_LITERAL_CONVERSION = YES;
				CLANG_WARN_OBJC_ROOT_CLASS = YES_ERROR;
				CLANG_WARN_RANGE_LOOP_ANALYSIS = YES;
				CLANG_WARN_STRICT_PROTOTYPES = YES;
				CLANG_WARN_SUSPICIOUS_MOVE = YES;
				CLANG_WARN_UNGUARDED_AVAILABILITY = YES_AGGRESSIVE;
				CLANG_WARN_UNREACHABLE_CODE = YES;
				CLANG_WARN__DUPLICATE_METHOD_MATCH = YES;
				CODE_SIGN_IDENTITY = "-";
				COPY_PHASE_STRIP = NO;
				DEBUG_INFORMATION_FORMAT = "dwarf-with-dsym";
				ENABLE_NS_ASSERTIONS = NO;
				ENABLE_STRICT_OBJC_MSGSEND = YES;
				GCC_C_LANGUAGE_STANDARD = gnu11;
				GCC_NO_COMMON_BLOCKS = YES;
				GCC_WARN_64_TO_32_BIT_CONVERSION = YES;
				GCC_WARN_ABOUT_RETURN_TYPE = YES_ERROR;
				GCC_WARN_UNDECLARED_SELECTOR = YES;
				GCC_WARN_UNINITIALIZED_AUTOS = YES_AGGRESSIVE;
				GCC_WARN_UNUSED_FUNCTION = YES;
				GCC_WARN_UNUSED_VARIABLE = YES;
				MACOSX_DEPLOYMENT_TARGET = 10.12;
				MTL_ENABLE_DEBUG_INFO = NO;
				SDKROOT = macosx;
			};
			name = Release;
		};
		EAEDC94A1F7AACF800C725A3 /* Debug */ = {
			isa = XCBuildConfiguration;
			buildSettings = {
				CODE_SIGN_STYLE = Automatic;
				PRODUCT_NAME = "$(TARGET_NAME)";
			};
			name = Debug;
		};
		EAEDC94B1F7AACF800C725A3 /* Release */ = {
			isa = XCBuildConfiguration;
			buildSettings = {
				CODE_SIGN_STYLE = Automatic;
				PRODUCT_NAME = "$(TARGET_NAME)";
			};
			name = Release;
		};
/* End XCBuildConfiguration section */

/* Begin XCConfigurationList section */
		EAEDC93D1F7AACF700C725A3 /* Build configuration list for PBXProject "ExerciceTwo.c" */ = {
			isa = XCConfigurationList;
			buildConfigurations = (
				EAEDC9471F7AACF800C725A3 /* Debug */,
				EAEDC9481F7AACF800C725A3 /* Release */,
			);
			defaultConfigurationIsVisible = 0;
			defaultConfigurationName = Release;
		};
		EAEDC9491F7AACF800C725A3 /* Build configuration list for PBXNativeTarget "ExerciceTwo.c" */ = {
			isa = XCConfigurationList;
			buildConfigurations = (
				EAEDC94A1F7AACF800C725A3 /* Debug */,
				EAEDC94B1F7AACF800C725A3 /* Release */,
			);
			defaultConfigurationIsVisible = 0;
			defaultConfigurationName = Release;
		};
/* End XCConfigurationList section */
	};
	rootObject = EAEDC93A1F7AACF700C725A3 /* Project object */;
}
